schema: '2.0'
stages:
  clean:
    cmd: uv run python src/eventflow/clean.py
    deps:
    - path: data/raw/events.csv
      hash: md5
      md5: 431ff8b1e99f6c5ac0a423d9e37ac2a9
      size: 73240
    - path: src/eventflow/clean.py
      hash: md5
      md5: 83ff48a75ba8a26d30671413b24624db
      size: 1691
    outs:
    - path: data/clean/events.csv
      hash: md5
      md5: 14a0fecf4f818c3b7a11f38fafc5b6cf
      size: 61026
  transform:
    cmd: uv run python src/eventflow/transform.py
    deps:
    - path: data/clean/events.csv
      hash: md5
      md5: 14a0fecf4f818c3b7a11f38fafc5b6cf
      size: 61026
    - path: src/eventflow/transform.py
      hash: md5
      md5: 1b3df0d4ab3f58ed02a2859d22d83647
      size: 985
    outs:
    - path: data/transformed/events.csv
      hash: md5
      md5: a00acb5004fa1bf13e0eacf3c5928865
      size: 78763
  features:
    cmd: uv run python src/eventflow/features.py
    deps:
    - path: data/transformed/events.csv
      hash: md5
      md5: a00acb5004fa1bf13e0eacf3c5928865
      size: 78763
    - path: src/eventflow/features.py
      hash: md5
      md5: 34ceb2b19a824353383b6fc749f06ab1
      size: 931
    outs:
    - path: data/features/events.csv
      hash: md5
      md5: 7bdd8b58ee73977afb68ea39df1689e8
      size: 114785
